// !$*UTF8*$!
{
	archiveVersion = 1;
	classes = {
	};
	objectVersion = 55;
	objects = {

/* Begin PBXBuildFile section */
		1AB6D0EC27CE9C9200AA8DD7 /* AppDelegate.swift in Sources */ = {isa = PBXBuildFile; fileRef = 1AB6D0EB27CE9C9200AA8DD7 /* AppDelegate.swift */; };
		1AB6D0EE27CE9C9200AA8DD7 /* SceneDelegate.swift in Sources */ = {isa = PBXBuildFile; fileRef = 1AB6D0ED27CE9C9200AA8DD7 /* SceneDelegate.swift */; };
		1AB6D0F027CE9C9200AA8DD7 /* mainController.swift in Sources */ = {isa = PBXBuildFile; fileRef = 1AB6D0EF27CE9C9200AA8DD7 /* mainController.swift */; };
		1AB6D0F527CE9C9300AA8DD7 /* Assets.xcassets in Resources */ = {isa = PBXBuildFile; fileRef = 1AB6D0F427CE9C9300AA8DD7 /* Assets.xcassets */; };
		1AB6D0F827CE9C9300AA8DD7 /* LaunchScreen.storyboard in Resources */ = {isa = PBXBuildFile; fileRef = 1AB6D0F627CE9C9300AA8DD7 /* LaunchScreen.storyboard */; };
		1AB6D10627CEA3F500AA8DD7 /* nameAgeView.swift in Sources */ = {isa = PBXBuildFile; fileRef = 1AB6D10527CEA3F500AA8DD7 /* nameAgeView.swift */; };
		1AB6D10827CEA41C00AA8DD7 /* myTextField.swift in Sources */ = {isa = PBXBuildFile; fileRef = 1AB6D10727CEA41C00AA8DD7 /* myTextField.swift */; };
		1AB6D10A27CEA4D300AA8DD7 /* myExtensions.swift in Sources */ = {isa = PBXBuildFile; fileRef = 1AB6D10927CEA4D300AA8DD7 /* myExtensions.swift */; };
		1AB6D10D27CEA6A300AA8DD7 /* personalDataView.swift in Sources */ = {isa = PBXBuildFile; fileRef = 1AB6D10C27CEA6A300AA8DD7 /* personalDataView.swift */; };
		1AB6D10F27CEA72E00AA8DD7 /* myLabel.swift in Sources */ = {isa = PBXBuildFile; fileRef = 1AB6D10E27CEA72E00AA8DD7 /* myLabel.swift */; };
		1AC0DA2627CEB7B300218115 /* cleanButtonView.swift in Sources */ = {isa = PBXBuildFile; fileRef = 1AC0DA2527CEB7B300218115 /* cleanButtonView.swift */; };
		1AC0DA2827CEBAB600218115 /* childrenTableView.swift in Sources */ = {isa = PBXBuildFile; fileRef = 1AC0DA2727CEBAB600218115 /* childrenTableView.swift */; };
		1AC0DA2A27CEBE7400218115 /* Children.swift in Sources */ = {isa = PBXBuildFile; fileRef = 1AC0DA2927CEBE7400218115 /* Children.swift */; };
		1AC0DA2C27CEBEB500218115 /* myTableCell.swift in Sources */ = {isa = PBXBuildFile; fileRef = 1AC0DA2B27CEBEB500218115 /* myTableCell.swift */; };
		1AC0DA2E27CEBF4B00218115 /* changeChildren.swift in Sources */ = {isa = PBXBuildFile; fileRef = 1AC0DA2D27CEBF4B00218115 /* changeChildren.swift */; };
		1AC0DA3027CEC66500218115 /* myDeleteButton.swift in Sources */ = {isa = PBXBuildFile; fileRef = 1AC0DA2F27CEC66500218115 /* myDeleteButton.swift */; };
/* End PBXBuildFile section */

/* Begin PBXFileReference section */
		1AB6D0E827CE9C9200AA8DD7 /* alef.app */ = {isa = PBXFileReference; explicitFileType = wrapper.application; includeInIndex = 0; path = alef.app; sourceTree = BUILT_PRODUCTS_DIR; };
		1AB6D0EB27CE9C9200AA8DD7 /* AppDelegate.swift */ = {isa = PBXFileReference; lastKnownFileType = sourcecode.swift; path = AppDelegate.swift; sourceTree = "<group>"; };
		1AB6D0ED27CE9C9200AA8DD7 /* SceneDelegate.swift */ = {isa = PBXFileReference; lastKnownFileType = sourcecode.swift; path = SceneDelegate.swift; sourceTree = "<group>"; };
		1AB6D0EF27CE9C9200AA8DD7 /* mainController.swift */ = {isa = PBXFileReference; lastKnownFileType = sourcecode.swift; path = mainController.swift; sourceTree = "<group>"; };
		1AB6D0F427CE9C9300AA8DD7 /* Assets.xcassets */ = {isa = PBXFileReference; lastKnownFileType = folder.assetcatalog; path = Assets.xcassets; sourceTree = "<group>"; };
		1AB6D0F727CE9C9300AA8DD7 /* Base */ = {isa = PBXFileReference; lastKnownFileType = file.storyboard; name = Base; path = Base.lproj/LaunchScreen.storyboard; sourceTree = "<group>"; };
		1AB6D0F927CE9C9300AA8DD7 /* Info.plist */ = {isa = PBXFileReference; lastKnownFileType = text.plist.xml; path = Info.plist; sourceTree = "<group>"; };
		1AB6D10527CEA3F500AA8DD7 /* nameAgeView.swift */ = {isa = PBXFileReference; fileEncoding = 4; lastKnownFileType = sourcecode.swift; name = nameAgeView.swift; path = ../../../../../Desktop/alefTest/alefTest/View/Extensions/nameAgeView.swift; sourceTree = "<group>"; };
		1AB6D10727CEA41C00AA8DD7 /* myTextField.swift */ = {isa = PBXFileReference; fileEncoding = 4; lastKnownFileType = sourcecode.swift; name = myTextField.swift; path = ../../../../../Desktop/alefTest/alefTest/View/Extensions/myTextField.swift; sourceTree = "<group>"; };
		1AB6D10927CEA4D300AA8DD7 /* myExtensions.swift */ = {isa = PBXFileReference; fileEncoding = 4; lastKnownFileType = sourcecode.swift; name = myExtensions.swift; path = ../../../../../Desktop/alefTest/alefTest/View/Extensions/myExtensions.swift; sourceTree = "<group>"; };
		1AB6D10C27CEA6A300AA8DD7 /* personalDataView.swift */ = {isa = PBXFileReference; lastKnownFileType = sourcecode.swift; path = personalDataView.swift; sourceTree = "<group>"; };
		1AB6D10E27CEA72E00AA8DD7 /* myLabel.swift */ = {isa = PBXFileReference; lastKnownFileType = sourcecode.swift; path = myLabel.swift; sourceTree = "<group>"; };
		1AC0DA2527CEB7B300218115 /* cleanButtonView.swift */ = {isa = PBXFileReference; lastKnownFileType = sourcecode.swift; path = cleanButtonView.swift; sourceTree = "<group>"; };
		1AC0DA2727CEBAB600218115 /* childrenTableView.swift */ = {isa = PBXFileReference; lastKnownFileType = sourcecode.swift; path = childrenTableView.swift; sourceTree = "<group>"; };
		1AC0DA2927CEBE7400218115 /* Children.swift */ = {isa = PBXFileReference; lastKnownFileType = sourcecode.swift; path = Children.swift; sourceTree = "<group>"; };
		1AC0DA2B27CEBEB500218115 /* myTableCell.swift */ = {isa = PBXFileReference; lastKnownFileType = sourcecode.swift; path = myTableCell.swift; sourceTree = "<group>"; };
		1AC0DA2D27CEBF4B00218115 /* changeChildren.swift */ = {isa = PBXFileReference; lastKnownFileType = sourcecode.swift; path = changeChildren.swift; sourceTree = "<group>"; };
		1AC0DA2F27CEC66500218115 /* myDeleteButton.swift */ = {isa = PBXFileReference; lastKnownFileType = sourcecode.swift; path = myDeleteButton.swift; sourceTree = "<group>"; };
/* End PBXFileReference section */

/* Begin PBXFrameworksBuildPhase section */
		1AB6D0E527CE9C9200AA8DD7 /* Frameworks */ = {
			isa = PBXFrameworksBuildPhase;
			buildActionMask = 2147483647;
			files = (
			);
			runOnlyForDeploymentPostprocessing = 0;
		};
/* End PBXFrameworksBuildPhase section */

/* Begin PBXGroup section */
		1AB6D0DF27CE9C9200AA8DD7 = {
			isa = PBXGroup;
			children = (
				1AB6D0EA27CE9C9200AA8DD7 /* alef */,
				1AB6D0E927CE9C9200AA8DD7 /* Products */,
			);
			sourceTree = "<group>";
		};
		1AB6D0E927CE9C9200AA8DD7 /* Products */ = {
			isa = PBXGroup;
			children = (
				1AB6D0E827CE9C9200AA8DD7 /* alef.app */,
			);
			name = Products;
			sourceTree = "<group>";
		};
		1AB6D0EA27CE9C9200AA8DD7 /* alef */ = {
			isa = PBXGroup;
			children = (
				1AB6D10027CEA35700AA8DD7 /* Model */,
				1AB6D10127CEA35E00AA8DD7 /* View */,
				1AB6D0FF27CEA34D00AA8DD7 /* Presenter */,
				1AB6D0F427CE9C9300AA8DD7 /* Assets.xcassets */,
				1AB6D0F927CE9C9300AA8DD7 /* Info.plist */,
			);
			path = alef;
			sourceTree = "<group>";
		};
		1AB6D0FF27CEA34D00AA8DD7 /* Presenter */ = {
			isa = PBXGroup;
			children = (
				1AC0DA2D27CEBF4B00218115 /* changeChildren.swift */,
				1AB6D10227CEA37500AA8DD7 /* Delegates */,
			);
			path = Presenter;
			sourceTree = "<group>";
		};
		1AB6D10027CEA35700AA8DD7 /* Model */ = {
			isa = PBXGroup;
			children = (
				1AC0DA2927CEBE7400218115 /* Children.swift */,
			);
			path = Model;
			sourceTree = "<group>";
		};
		1AB6D10127CEA35E00AA8DD7 /* View */ = {
			isa = PBXGroup;
			children = (
				1AB6D10B27CEA66F00AA8DD7 /* Main Subviews */,
				1AB6D10427CEA3AE00AA8DD7 /* Help Classes */,
				1AB6D10327CEA38300AA8DD7 /* Storyboards */,
				1AB6D0EF27CE9C9200AA8DD7 /* mainController.swift */,
			);
			path = View;
			sourceTree = "<group>";
		};
		1AB6D10227CEA37500AA8DD7 /* Delegates */ = {
			isa = PBXGroup;
			children = (
				1AB6D0EB27CE9C9200AA8DD7 /* AppDelegate.swift */,
				1AB6D0ED27CE9C9200AA8DD7 /* SceneDelegate.swift */,
			);
			path = Delegates;
			sourceTree = "<group>";
		};
		1AB6D10327CEA38300AA8DD7 /* Storyboards */ = {
			isa = PBXGroup;
			children = (
				1AB6D0F627CE9C9300AA8DD7 /* LaunchScreen.storyboard */,
			);
			path = Storyboards;
			sourceTree = "<group>";
		};
		1AB6D10427CEA3AE00AA8DD7 /* Help Classes */ = {
			isa = PBXGroup;
			children = (
				1AB6D10527CEA3F500AA8DD7 /* nameAgeView.swift */,
				1AB6D10727CEA41C00AA8DD7 /* myTextField.swift */,
				1AB6D10927CEA4D300AA8DD7 /* myExtensions.swift */,
				1AB6D10E27CEA72E00AA8DD7 /* myLabel.swift */,
				1AC0DA2B27CEBEB500218115 /* myTableCell.swift */,
				1AC0DA2F27CEC66500218115 /* myDeleteButton.swift */,
			);
			path = "Help Classes";
			sourceTree = "<group>";
		};
		1AB6D10B27CEA66F00AA8DD7 /* Main Subviews */ = {
			isa = PBXGroup;
			children = (
				1AB6D10C27CEA6A300AA8DD7 /* personalDataView.swift */,
				1AC0DA2527CEB7B300218115 /* cleanButtonView.swift */,
				1AC0DA2727CEBAB600218115 /* childrenTableView.swift */,
			);
			path = "Main Subviews";
			sourceTree = "<group>";
		};
/* End PBXGroup section */

/* Begin PBXNativeTarget section */
		1AB6D0E727CE9C9200AA8DD7 /* alef */ = {
			isa = PBXNativeTarget;
			buildConfigurationList = 1AB6D0FC27CE9C9300AA8DD7 /* Build configuration list for PBXNativeTarget "alef" */;
			buildPhases = (
				1AB6D0E427CE9C9200AA8DD7 /* Sources */,
				1AB6D0E527CE9C9200AA8DD7 /* Frameworks */,
				1AB6D0E627CE9C9200AA8DD7 /* Resources */,
			);
			buildRules = (
			);
			dependencies = (
			);
			name = alef;
			productName = alef;
			productReference = 1AB6D0E827CE9C9200AA8DD7 /* alef.app */;
			productType = "com.apple.product-type.application";
		};
/* End PBXNativeTarget section */

/* Begin PBXProject section */
		1AB6D0E027CE9C9200AA8DD7 /* Project object */ = {
			isa = PBXProject;
			attributes = {
				BuildIndependentTargetsInParallel = 1;
				LastSwiftUpdateCheck = 1320;
				LastUpgradeCheck = 1320;
				TargetAttributes = {
					1AB6D0E727CE9C9200AA8DD7 = {
						CreatedOnToolsVersion = 13.2.1;
					};
				};
			};
			buildConfigurationList = 1AB6D0E327CE9C9200AA8DD7 /* Build configuration list for PBXProject "alef" */;
			compatibilityVersion = "Xcode 13.0";
			developmentRegion = en;
			hasScannedForEncodings = 0;
			knownRegions = (
				en,
				Base,
			);
			mainGroup = 1AB6D0DF27CE9C9200AA8DD7;
			productRefGroup = 1AB6D0E927CE9C9200AA8DD7 /* Products */;
			projectDirPath = "";
			projectRoot = "";
			targets = (
				1AB6D0E727CE9C9200AA8DD7 /* alef */,
			);
		};
/* End PBXProject section */

/* Begin PBXResourcesBuildPhase section */
		1AB6D0E627CE9C9200AA8DD7 /* Resources */ = {
			isa = PBXResourcesBuildPhase;
			buildActionMask = 2147483647;
			files = (
				1AB6D0F827CE9C9300AA8DD7 /* LaunchScreen.storyboard in Resources */,
				1AB6D0F527CE9C9300AA8DD7 /* Assets.xcassets in Resources */,
			);
			runOnlyForDeploymentPostprocessing = 0;
		};
/* End PBXResourcesBuildPhase section */

/* Begin PBXSourcesBuildPhase section */
		1AB6D0E427CE9C9200AA8DD7 /* Sources */ = {
			isa = PBXSourcesBuildPhase;
			buildActionMask = 2147483647;
			files = (
				1AC0DA2827CEBAB600218115 /* childrenTableView.swift in Sources */,
				1AB6D0F027CE9C9200AA8DD7 /* mainController.swift in Sources */,
				1AB6D10A27CEA4D300AA8DD7 /* myExtensions.swift in Sources */,
				1AB6D10627CEA3F500AA8DD7 /* nameAgeView.swift in Sources */,
				1AB6D0EC27CE9C9200AA8DD7 /* AppDelegate.swift in Sources */,
				1AB6D10827CEA41C00AA8DD7 /* myTextField.swift in Sources */,
				1AC0DA2C27CEBEB500218115 /* myTableCell.swift in Sources */,
				1AB6D0EE27CE9C9200AA8DD7 /* SceneDelegate.swift in Sources */,
				1AC0DA3027CEC66500218115 /* myDeleteButton.swift in Sources */,
				1AC0DA2A27CEBE7400218115 /* Children.swift in Sources */,
				1AC0DA2E27CEBF4B00218115 /* changeChildren.swift in Sources */,
				1AB6D10F27CEA72E00AA8DD7 /* myLabel.swift in Sources */,
				1AC0DA2627CEB7B300218115 /* cleanButtonView.swift in Sources */,
				1AB6D10D27CEA6A300AA8DD7 /* personalDataView.swift in Sources */,
			);
			runOnlyForDeploymentPostprocessing = 0;
		};
/* End PBXSourcesBuildPhase section */

/* Begin PBXVariantGroup section */
		1AB6D0F627CE9C9300AA8DD7 /* LaunchScreen.storyboard */ = {
			isa = PBXVariantGroup;
			children = (
				1AB6D0F727CE9C9300AA8DD7 /* Base */,
			);
			name = LaunchScreen.storyboard;
			sourceTree = "<group>";
		};
/* End PBXVariantGroup section */

/* Begin XCBuildConfiguration section */
		1AB6D0FA27CE9C9300AA8DD7 /* Debug */ = {
			isa = XCBuildConfiguration;
			buildSettings = {
				ALWAYS_SEARCH_USER_PATHS = NO;
				CLANG_ANALYZER_NONNULL = YES;
				CLANG_ANALYZER_NUMBER_OBJECT_CONVERSION = YES_AGGRESSIVE;
				CLANG_CXX_LANGUAGE_STANDARD = "gnu++17";
				CLANG_CXX_LIBRARY = "libc++";
				CLANG_ENABLE_MODULES = YES;
				CLANG_ENABLE_OBJC_ARC = YES;
				CLANG_ENABLE_OBJC_WEAK = YES;
				CLANG_WARN_BLOCK_CAPTURE_AUTORELEASING = YES;
				CLANG_WARN_BOOL_CONVERSION = YES;
				CLANG_WARN_COMMA = YES;
				CLANG_WARN_CONSTANT_CONVERSION = YES;
				CLANG_WARN_DEPRECATED_OBJC_IMPLEMENTATIONS = YES;
				CLANG_WARN_DIRECT_OBJC_ISA_USAGE = YES_ERROR;
				CLANG_WARN_DOCUMENTATION_COMMENTS = YES;
				CLANG_WARN_EMPTY_BODY = YES;
				CLANG_WARN_ENUM_CONVERSION = YES;
				CLANG_WARN_INFINITE_RECURSION = YES;
				CLANG_WARN_INT_CONVERSION = YES;
				CLANG_WARN_NON_LITERAL_NULL_CONVERSION = YES;
				CLANG_WARN_OBJC_IMPLICIT_RETAIN_SELF = YES;
				CLANG_WARN_OBJC_LITERAL_CONVERSION = YES;
				CLANG_WARN_OBJC_ROOT_CLASS = YES_ERROR;
				CLANG_WARN_QUOTED_INCLUDE_IN_FRAMEWORK_HEADER = YES;
				CLANG_WARN_RANGE_LOOP_ANALYSIS = YES;
				CLANG_WARN_STRICT_PROTOTYPES = YES;
				CLANG_WARN_SUSPICIOUS_MOVE = YES;
				CLANG_WARN_UNGUARDED_AVAILABILITY = YES_AGGRESSIVE;
				CLANG_WARN_UNREACHABLE_CODE = YES;
				CLANG_WARN__DUPLICATE_METHOD_MATCH = YES;
				COPY_PHASE_STRIP = NO;
				DEBUG_INFORMATION_FORMAT = dwarf;
				ENABLE_STRICT_OBJC_MSGSEND = YES;
				ENABLE_TESTABILITY = YES;
				GCC_C_LANGUAGE_STANDARD = gnu11;
				GCC_DYNAMIC_NO_PIC = NO;
				GCC_NO_COMMON_BLOCKS = YES;
				GCC_OPTIMIZATION_LEVEL = 0;
				GCC_PREPROCESSOR_DEFINITIONS = (
					"DEBUG=1",
					"$(inherited)",
				);
				GCC_WARN_64_TO_32_BIT_CONVERSION = YES;
				GCC_WARN_ABOUT_RETURN_TYPE = YES_ERROR;
				GCC_WARN_UNDECLARED_SELECTOR = YES;
				GCC_WARN_UNINITIALIZED_AUTOS = YES_AGGRESSIVE;
				GCC_WARN_UNUSED_FUNCTION = YES;
				GCC_WARN_UNUSED_VARIABLE = YES;
				IPHONEOS_DEPLOYMENT_TARGET = 15.2;
				MTL_ENABLE_DEBUG_INFO = INCLUDE_SOURCE;
				MTL_FAST_MATH = YES;
				ONLY_ACTIVE_ARCH = YES;
				SDKROOT = iphoneos;
				SWIFT_ACTIVE_COMPILATION_CONDITIONS = DEBUG;
				SWIFT_OPTIMIZATION_LEVEL = "-Onone";
			};
			name = Debug;
		};
		1AB6D0FB27CE9C9300AA8DD7 /* Release */ = {
			isa = XCBuildConfiguration;
			buildSettings = {
				ALWAYS_SEARCH_USER_PATHS = NO;
				CLANG_ANALYZER_NONNULL = YES;
				CLANG_ANALYZER_NUMBER_OBJECT_CONVERSION = YES_AGGRESSIVE;
				CLANG_CXX_LANGUAGE_STANDARD = "gnu++17";
				CLANG_CXX_LIBRARY = "libc++";
				CLANG_ENABLE_MODULES = YES;
				CLANG_ENABLE_OBJC_ARC = YES;
				CLANG_ENABLE_OBJC_WEAK = YES;
				CLANG_WARN_BLOCK_CAPTURE_AUTORELEASING = YES;
				CLANG_WARN_BOOL_CONVERSION = YES;
				CLANG_WARN_COMMA = YES;
				CLANG_WARN_CONSTANT_CONVERSION = YES;
				CLANG_WARN_DEPRECATED_OBJC_IMPLEMENTATIONS = YES;
				CLANG_WARN_DIRECT_OBJC_ISA_USAGE = YES_ERROR;
				CLANG_WARN_DOCUMENTATION_COMMENTS = YES;
				CLANG_WARN_EMPTY_BODY = YES;
				CLANG_WARN_ENUM_CONVERSION = YES;
				CLANG_WARN_INFINITE_RECURSION = YES;
				CLANG_WARN_INT_CONVERSION = YES;
				CLANG_WARN_NON_LITERAL_NULL_CONVERSION = YES;
				CLANG_WARN_OBJC_IMPLICIT_RETAIN_SELF = YES;
				CLANG_WARN_OBJC_LITERAL_CONVERSION = YES;
				CLANG_WARN_OBJC_ROOT_CLASS = YES_ERROR;
				CLANG_WARN_QUOTED_INCLUDE_IN_FRAMEWORK_HEADER = YES;
				CLANG_WARN_RANGE_LOOP_ANALYSIS = YES;
				CLANG_WARN_STRICT_PROTOTYPES = YES;
				CLANG_WARN_SUSPICIOUS_MOVE = YES;
				CLANG_WARN_UNGUARDED_AVAILABILITY = YES_AGGRESSIVE;
				CLANG_WARN_UNREACHABLE_CODE = YES;
				CLANG_WARN__DUPLICATE_METHOD_MATCH = YES;
				COPY_PHASE_STRIP = NO;
				DEBUG_INFORMATION_FORMAT = "dwarf-with-dsym";
				ENABLE_NS_ASSERTIONS = NO;
				ENABLE_STRICT_OBJC_MSGSEND = YES;
				GCC_C_LANGUAGE_STANDARD = gnu11;
				GCC_NO_COMMON_BLOCKS = YES;
				GCC_WARN_64_TO_32_BIT_CONVERSION = YES;
				GCC_WARN_ABOUT_RETURN_TYPE = YES_ERROR;
				GCC_WARN_UNDECLARED_SELECTOR = YES;
				GCC_WARN_UNINITIALIZED_AUTOS = YES_AGGRESSIVE;
				GCC_WARN_UNUSED_FUNCTION = YES;
				GCC_WARN_UNUSED_VARIABLE = YES;
				IPHONEOS_DEPLOYMENT_TARGET = 15.2;
				MTL_ENABLE_DEBUG_INFO = NO;
				MTL_FAST_MATH = YES;
				SDKROOT = iphoneos;
				SWIFT_COMPILATION_MODE = wholemodule;
				SWIFT_OPTIMIZATION_LEVEL = "-O";
				VALIDATE_PRODUCT = YES;
			};
			name = Release;
		};
		1AB6D0FD27CE9C9300AA8DD7 /* Debug */ = {
			isa = XCBuildConfiguration;
			buildSettings = {
				ASSETCATALOG_COMPILER_APPICON_NAME = AppIcon;
				ASSETCATALOG_COMPILER_GLOBAL_ACCENT_COLOR_NAME = AccentColor;
				CODE_SIGN_STYLE = Automatic;
				CURRENT_PROJECT_VERSION = 1;
				DEVELOPMENT_TEAM = 4TUZ9354JR;
				GENERATE_INFOPLIST_FILE = YES;
				INFOPLIST_FILE = alef/Info.plist;
				INFOPLIST_KEY_UIApplicationSupportsIndirectInputEvents = YES;
				INFOPLIST_KEY_UILaunchStoryboardName = LaunchScreen;
				INFOPLIST_KEY_UISupportedInterfaceOrientations_iPad = "UIInterfaceOrientationPortrait UIInterfaceOrientationPortraitUpsideDown UIInterfaceOrientationLandscapeLeft UIInterfaceOrientationLandscapeRight";
				INFOPLIST_KEY_UISupportedInterfaceOrientations_iPhone = "UIInterfaceOrientationPortrait UIInterfaceOrientationLandscapeLeft UIInterfaceOrientationLandscapeRight";
				LD_RUNPATH_SEARCH_PATHS = (
					"$(inherited)",
					"@executable_path/Frameworks",
				);
				MARKETING_VERSION = 1.0;
				PRODUCT_BUNDLE_IDENTIFIER = com.geronin.alef;
				PRODUCT_NAME = "$(TARGET_NAME)";
				SWIFT_EMIT_LOC_STRINGS = YES;
				SWIFT_VERSION = 5.0;
				TARGETED_DEVICE_FAMILY = "1,2";
			};
			name = Debug;
		};
		1AB6D0FE27CE9C9300AA8DD7 /* Release */ = {
			isa = XCBuildConfiguration;
			buildSettings = {
				ASSETCATALOG_COMPILER_APPICON_NAME = AppIcon;
				ASSETCATALOG_COMPILER_GLOBAL_ACCENT_COLOR_NAME = AccentColor;
				CODE_SIGN_STYLE = Automatic;
				CURRENT_PROJECT_VERSION = 1;
				DEVELOPMENT_TEAM = 4TUZ9354JR;
				GENERATE_INFOPLIST_FILE = YES;
				INFOPLIST_FILE = alef/Info.plist;
				INFOPLIST_KEY_UIApplicationSupportsIndirectInputEvents = YES;
				INFOPLIST_KEY_UILaunchStoryboardName = LaunchScreen;
				INFOPLIST_KEY_UISupportedInterfaceOrientations_iPad = "UIInterfaceOrientationPortrait UIInterfaceOrientationPortraitUpsideDown UIInterfaceOrientationLandscapeLeft UIInterfaceOrientationLandscapeRight";
				INFOPLIST_KEY_UISupportedInterfaceOrientations_iPhone = "UIInterfaceOrientationPortrait UIInterfaceOrientationLandscapeLeft UIInterfaceOrientationLandscapeRight";
				LD_RUNPATH_SEARCH_PATHS = (
					"$(inherited)",
					"@executable_path/Frameworks",
				);
				MARKETING_VERSION = 1.0;
				PRODUCT_BUNDLE_IDENTIFIER = com.geronin.alef;
				PRODUCT_NAME = "$(TARGET_NAME)";
				SWIFT_EMIT_LOC_STRINGS = YES;
				SWIFT_VERSION = 5.0;
				TARGETED_DEVICE_FAMILY = "1,2";
			};
			name = Release;
		};
/* End XCBuildConfiguration section */

/* Begin XCConfigurationList section */
		1AB6D0E327CE9C9200AA8DD7 /* Build configuration list for PBXProject "alef" */ = {
			isa = XCConfigurationList;
			buildConfigurations = (
				1AB6D0FA27CE9C9300AA8DD7 /* Debug */,
				1AB6D0FB27CE9C9300AA8DD7 /* Release */,
			);
			defaultConfigurationIsVisible = 0;
			defaultConfigurationName = Release;
		};
		1AB6D0FC27CE9C9300AA8DD7 /* Build configuration list for PBXNativeTarget "alef" */ = {
			isa = XCConfigurationList;
			buildConfigurations = (
				1AB6D0FD27CE9C9300AA8DD7 /* Debug */,
				1AB6D0FE27CE9C9300AA8DD7 /* Release */,
			);
			defaultConfigurationIsVisible = 0;
			defaultConfigurationName = Release;
		};
/* End XCConfigurationList section */
	};
	rootObject = 1AB6D0E027CE9C9200AA8DD7 /* Project object */;
}
